// !$*UTF8*$!
{
	archiveVersion = 1;
	classes = {
	};
	objectVersion = 56;
	objects = {

/* Begin PBXBuildFile section */
		B00000000000000000000001 /* PowerPlanApp.swift in Sources */ = {isa = PBXBuildFile; fileRef = F00000000000000000000001 /* PowerPlanApp.swift */; };
		B00000000000000000000002 /* ContentView.swift in Sources */ = {isa = PBXBuildFile; fileRef = F00000000000000000000002 /* ContentView.swift */; };
		B00000000000000000000003 /* AppViewModel.swift in Sources */ = {isa = PBXBuildFile; fileRef = F00000000000000000000003 /* AppViewModel.swift */; };
		B00000000000000000000004 /* APIConfiguration.swift in Sources */ = {isa = PBXBuildFile; fileRef = F00000000000000000000004 /* APIConfiguration.swift */; };
		B00000000000000000000005 /* PowerPlanClient.swift in Sources */ = {isa = PBXBuildFile; fileRef = F00000000000000000000005 /* PowerPlanClient.swift */; };
		B00000000000000000000006 /* Models.swift in Sources */ = {isa = PBXBuildFile; fileRef = F00000000000000000000006 /* Models.swift */; };
		B00000000000000000000007 /* PostcodeNormalizer.swift in Sources */ = {isa = PBXBuildFile; fileRef = F00000000000000000000007 /* PostcodeNormalizer.swift */; };
		B00000000000000000000008 /* EnergyOptions.swift in Sources */ = {isa = PBXBuildFile; fileRef = F00000000000000000000008 /* EnergyOptions.swift */; };
		B00000000000000000000009 /* WelcomeView.swift in Sources */ = {isa = PBXBuildFile; fileRef = F00000000000000000000009 /* WelcomeView.swift */; };
		B0000000000000000000000A /* PostcodeStepView.swift in Sources */ = {isa = PBXBuildFile; fileRef = F0000000000000000000000A /* PostcodeStepView.swift */; };
		B0000000000000000000000B /* ScrapeGlobeView.swift in Sources */ = {isa = PBXBuildFile; fileRef = F00000000000000000000014 /* ScrapeGlobeView.swift */; };
		B0000000000000000000000C /* PreferencesStepView.swift in Sources */ = {isa = PBXBuildFile; fileRef = F0000000000000000000000C /* PreferencesStepView.swift */; };
		B0000000000000000000000D /* ResultsStepView.swift in Sources */ = {isa = PBXBuildFile; fileRef = F0000000000000000000000D /* ResultsStepView.swift */; };
		B0000000000000000000000E /* ProjectionStepView.swift in Sources */ = {isa = PBXBuildFile; fileRef = F0000000000000000000000E /* ProjectionStepView.swift */; };
		B00000000000000000000010 /* Assets.xcassets in Resources */ = {isa = PBXBuildFile; fileRef = F00000000000000000000010 /* Assets.xcassets */; };
		B00000000000000000000011 /* EnergyMonthlyChartView.swift in Sources */ = {isa = PBXBuildFile; fileRef = F00000000000000000000012 /* EnergyMonthlyChartView.swift */; };
		B00000000000000000000012 /* JourneyNavBar.swift in Sources */ = {isa = PBXBuildFile; fileRef = F00000000000000000000013 /* JourneyNavBar.swift */; };
/* End PBXBuildFile section */

/* Begin PBXFileReference section */
		F00000000000000000000001 /* PowerPlanApp.swift */ = {isa = PBXFileReference; lastKnownFileType = sourcecode.swift; path = PowerPlanApp.swift; sourceTree = "<group>"; };
		F00000000000000000000002 /* ContentView.swift */ = {isa = PBXFileReference; lastKnownFileType = sourcecode.swift; path = ContentView.swift; sourceTree = "<group>"; };
		F00000000000000000000003 /* AppViewModel.swift */ = {isa = PBXFileReference; lastKnownFileType = sourcecode.swift; path = AppViewModel.swift; sourceTree = "<group>"; };
		F00000000000000000000004 /* APIConfiguration.swift */ = {isa = PBXFileReference; lastKnownFileType = sourcecode.swift; path = APIConfiguration.swift; sourceTree = "<group>"; };
		F00000000000000000000005 /* PowerPlanClient.swift */ = {isa = PBXFileReference; lastKnownFileType = sourcecode.swift; path = PowerPlanClient.swift; sourceTree = "<group>"; };
		F00000000000000000000006 /* Models.swift */ = {isa = PBXFileReference; lastKnownFileType = sourcecode.swift; path = Models.swift; sourceTree = "<group>"; };
		F00000000000000000000007 /* PostcodeNormalizer.swift */ = {isa = PBXFileReference; lastKnownFileType = sourcecode.swift; path = PostcodeNormalizer.swift; sourceTree = "<group>"; };
		F00000000000000000000008 /* EnergyOptions.swift */ = {isa = PBXFileReference; lastKnownFileType = sourcecode.swift; path = EnergyOptions.swift; sourceTree = "<group>"; };
		F00000000000000000000009 /* WelcomeView.swift */ = {isa = PBXFileReference; lastKnownFileType = sourcecode.swift; path = WelcomeView.swift; sourceTree = "<group>"; };
		F0000000000000000000000A /* PostcodeStepView.swift */ = {isa = PBXFileReference; lastKnownFileType = sourcecode.swift; path = PostcodeStepView.swift; sourceTree = "<group>"; };
		F00000000000000000000014 /* ScrapeGlobeView.swift */ = {isa = PBXFileReference; lastKnownFileType = sourcecode.swift; path = ScrapeGlobeView.swift; sourceTree = "<group>"; };
		F0000000000000000000000C /* PreferencesStepView.swift */ = {isa = PBXFileReference; lastKnownFileType = sourcecode.swift; path = PreferencesStepView.swift; sourceTree = "<group>"; };
		F0000000000000000000000D /* ResultsStepView.swift */ = {isa = PBXFileReference; lastKnownFileType = sourcecode.swift; path = ResultsStepView.swift; sourceTree = "<group>"; };
		F0000000000000000000000E /* ProjectionStepView.swift */ = {isa = PBXFileReference; lastKnownFileType = sourcecode.swift; path = ProjectionStepView.swift; sourceTree = "<group>"; };
		F00000000000000000000010 /* Assets.xcassets */ = {isa = PBXFileReference; lastKnownFileType = folder.assetcatalog; path = Assets.xcassets; sourceTree = "<group>"; };
		F00000000000000000000011 /* Info.plist */ = {isa = PBXFileReference; lastKnownFileType = text.plist.xml; path = Info.plist; sourceTree = "<group>"; };
		F00000000000000000000012 /* EnergyMonthlyChartView.swift */ = {isa = PBXFileReference; lastKnownFileType = sourcecode.swift; path = EnergyMonthlyChartView.swift; sourceTree = "<group>"; };
		F00000000000000000000013 /* JourneyNavBar.swift */ = {isa = PBXFileReference; lastKnownFileType = sourcecode.swift; path = JourneyNavBar.swift; sourceTree = "<group>"; };
		E00000000000000000000001 /* PowerPlan.app */ = {isa = PBXFileReference; explicitFileType = wrapper.application; includeInIndex = 0; path = PowerPlan.app; sourceTree = BUILT_PRODUCTS_DIR; };
/* End PBXFileReference section */

/* Begin PBXFrameworksBuildPhase section */
		0D0000000000000000000002 /* Frameworks */ = {
			isa = PBXFrameworksBuildPhase;
			buildActionMask = 2147483647;
			files = (
			);
			runOnlyForDeploymentPostprocessing = 0;
		};
/* End PBXFrameworksBuildPhase section */

/* Begin PBXGroup section */
		0A0000000000000000000001 = {
			isa = PBXGroup;
			children = (
				0A0000000000000000000002 /* PowerPlan */,
				0A0000000000000000000003 /* Products */,
			);
			sourceTree = "<group>";
		};
		0A0000000000000000000002 /* PowerPlan */ = {
			isa = PBXGroup;
			children = (
				F00000000000000000000001 /* PowerPlanApp.swift */,
				F00000000000000000000002 /* ContentView.swift */,
				F00000000000000000000003 /* AppViewModel.swift */,
				F00000000000000000000004 /* APIConfiguration.swift */,
				F00000000000000000000005 /* PowerPlanClient.swift */,
				F00000000000000000000006 /* Models.swift */,
				F00000000000000000000007 /* PostcodeNormalizer.swift */,
				F00000000000000000000008 /* EnergyOptions.swift */,
				F00000000000000000000009 /* WelcomeView.swift */,
				F0000000000000000000000A /* PostcodeStepView.swift */,
				F00000000000000000000014 /* ScrapeGlobeView.swift */,
				F0000000000000000000000C /* PreferencesStepView.swift */,
				F0000000000000000000000D /* ResultsStepView.swift */,
				F0000000000000000000000E /* ProjectionStepView.swift */,
				F00000000000000000000012 /* EnergyMonthlyChartView.swift */,
				F00000000000000000000013 /* JourneyNavBar.swift */,
				F00000000000000000000010 /* Assets.xcassets */,
				F00000000000000000000011 /* Info.plist */,
			);
			path = PowerPlan;
			sourceTree = "<group>";
		};
		0A0000000000000000000003 /* Products */ = {
			isa = PBXGroup;
			children = (
				E00000000000000000000001 /* PowerPlan.app */,
			);
			name = Products;
			sourceTree = "<group>";
		};
/* End PBXGroup section */

/* Begin PBXNativeTarget section */
		0B0000000000000000000001 /* PowerPlan */ = {
			isa = PBXNativeTarget;
			buildConfigurationList = 0C0000000000000000000003 /* Build configuration list for PBXNativeTarget "PowerPlan" */;
			buildPhases = (
				0D0000000000000000000001 /* Sources */,
				0D0000000000000000000002 /* Frameworks */,
				0D0000000000000000000003 /* Resources */,
			);
			buildRules = (
			);
			dependencies = (
			);
			name = PowerPlan;
			productName = PowerPlan;
			productReference = E00000000000000000000001 /* PowerPlan.app */;
			productType = "com.apple.product-type.application";
		};
/* End PBXNativeTarget section */

/* Begin PBXProject section */
		0C0000000000000000000001 /* Project object */ = {
			isa = PBXProject;
			attributes = {
				BuildIndependentTargetsInParallel = 1;
				LastSwiftUpdateCheck = 1500;
				LastUpgradeCheck = 1500;
				TargetAttributes = {
					0B0000000000000000000001 = {
						CreatedOnToolsVersion = 15.0;
					};
				};
			};
			buildConfigurationList = 0C0000000000000000000002 /* Build configuration list for PBXProject "PowerPlan" */;
			compatibilityVersion = "Xcode 14.0";
			developmentRegion = en;
			hasScannedForEncodings = 0;
			knownRegions = (
				en,
				Base,
			);
			mainGroup = 0A0000000000000000000001;
			productRefGroup = 0A0000000000000000000003 /* Products */;
			projectDirPath = "";
			projectRoot = "";
			targets = (
				0B0000000000000000000001 /* PowerPlan */,
			);
		};
/* End PBXProject section */

/* Begin PBXResourcesBuildPhase section */
		0D0000000000000000000003 /* Resources */ = {
			isa = PBXResourcesBuildPhase;
			buildActionMask = 2147483647;
			files = (
				B00000000000000000000010 /* Assets.xcassets in Resources */,
			);
			runOnlyForDeploymentPostprocessing = 0;
		};
/* End PBXResourcesBuildPhase section */

/* Begin PBXSourcesBuildPhase section */
		0D0000000000000000000001 /* Sources */ = {
			isa = PBXSourcesBuildPhase;
			buildActionMask = 2147483647;
			files = (
				B00000000000000000000001 /* PowerPlanApp.swift in Sources */,
				B00000000000000000000002 /* ContentView.swift in Sources */,
				B00000000000000000000003 /* AppViewModel.swift in Sources */,
				B00000000000000000000004 /* APIConfiguration.swift in Sources */,
				B00000000000000000000005 /* PowerPlanClient.swift in Sources */,
				B00000000000000000000006 /* Models.swift in Sources */,
				B00000000000000000000007 /* PostcodeNormalizer.swift in Sources */,
				B00000000000000000000008 /* EnergyOptions.swift in Sources */,
				B00000000000000000000009 /* WelcomeView.swift in Sources */,
				B0000000000000000000000A /* PostcodeStepView.swift in Sources */,
				B0000000000000000000000B /* ScrapeGlobeView.swift in Sources */,
				B0000000000000000000000C /* PreferencesStepView.swift in Sources */,
				B0000000000000000000000D /* ResultsStepView.swift in Sources */,
				B0000000000000000000000E /* ProjectionStepView.swift in Sources */,
				B00000000000000000000011 /* EnergyMonthlyChartView.swift in Sources */,
				B00000000000000000000012 /* JourneyNavBar.swift in Sources */,
			);
			runOnlyForDeploymentPostprocessing = 0;
		};
/* End PBXSourcesBuildPhase section */

/* Begin XCBuildConfiguration section */
		C00000000000000000000001 /* Debug */ = {
			isa = XCBuildConfiguration;
			buildSettings = {
				ALWAYS_SEARCH_USER_PATHS = NO;
				ASSETCATALOG_COMPILER_GENERATE_SWIFT_ASSET_SYMBOL_EXTENSIONS = YES;
				CLANG_ANALYZER_NONNULL = YES;
				CLANG_ANALYZER_NUMBER_OBJECT_CONVERSION = YES_AGGRESSIVE;
				CLANG_CXX_LANGUAGE_STANDARD = "gnu++20";
				CLANG_ENABLE_MODULES = YES;
				CLANG_ENABLE_OBJC_ARC = YES;
				CLANG_WARN_BLOCK_CAPTURE_AUTORELEASING = YES;
				CLANG_WARN_BOOL_CONVERSION = YES;
				CLANG_WARN_COMMA = YES;
				CLANG_WARN_CONSTANT_CONVERSION = YES;
				CLANG_WARN_DEPRECATED_OBJC_IMPLEMENTATIONS = YES;
				CLANG_WARN_DIRECT_OBJC_ISA_USAGE = YES_ERROR;
				CLANG_WARN_DOCUMENTATION_COMMENTS = YES;
				CLANG_WARN_EMPTY_BODY = YES;
				CLANG_WARN_ENUM_CONVERSION = YES;
				CLANG_WARN_INFINITE_RECURSION = YES;
				CLANG_WARN_INT_CONVERSION = YES;
				CLANG_WARN_NON_LITERAL_NULL_CONVERSION = YES;
				CLANG_WARN_OBJC_IMPLICIT_RETAIN_SELF = YES;
				CLANG_WARN_OBJC_LITERAL_CONVERSION = YES;
				CLANG_WARN_OBJC_ROOT_CLASS = YES_ERROR;
				CLANG_WARN_QUOTED_INCLUDE_IN_FRAMEWORK_HEADER = YES;
				CLANG_WARN_RANGE_LOOP_ANALYSIS = YES;
				CLANG_WARN_STRICT_PROTOTYPES = YES;
				CLANG_WARN_SUSPICIOUS_MOVE = YES;
				CLANG_WARN_UNGUARDED_AVAILABILITY = YES_AGGRESSIVE;
				CLANG_WARN_UNREACHABLE_CODE = YES;
				CLANG_WARN__DUPLICATE_METHOD_MATCH = YES;
				COPY_PHASE_STRIP = NO;
				DEBUG_INFORMATION_FORMAT = dwarf;
				ENABLE_STRICT_OBJC_MSGSEND = YES;
				ENABLE_TESTABILITY = YES;
				ENABLE_USER_SCRIPT_SANDBOXING = YES;
				GCC_C_LANGUAGE_STANDARD = gnu17;
				GCC_DYNAMIC_NO_PIC = NO;
				GCC_NO_COMMON_BLOCKS = YES;
				GCC_OPTIMIZATION_LEVEL = 0;
				GCC_PREPROCESSOR_DEFINITIONS = (
					"DEBUG=1",
					"$(inherited)",
				);
				GCC_WARN_64_TO_32_BIT_CONVERSION = YES;
				GCC_WARN_ABOUT_RETURN_TYPE = YES_ERROR;
				GCC_WARN_UNDECLARED_SELECTOR = YES;
				GCC_WARN_UNINITIALIZED_AUTOS = YES_AGGRESSIVE;
				GCC_WARN_UNUSED_FUNCTION = YES;
				GCC_WARN_UNUSED_VARIABLE = YES;
				IPHONEOS_DEPLOYMENT_TARGET = 16.0;
				LOCALIZATION_PREFERS_STRING_CATALOGS = YES;
				MTL_ENABLE_DEBUG_INFO = INCLUDE_SOURCE;
				MTL_FAST_MATH = YES;
				ONLY_ACTIVE_ARCH = YES;
				SDKROOT = iphoneos;
				SWIFT_ACTIVE_COMPILATION_CONDITIONS = "DEBUG $(inherited)";
				SWIFT_OPTIMIZATION_LEVEL = "-Onone";
			};
			name = Debug;
		};
		C00000000000000000000002 /* Release */ = {
			isa = XCBuildConfiguration;
			buildSettings = {
				ALWAYS_SEARCH_USER_PATHS = NO;
				ASSETCATALOG_COMPILER_GENERATE_SWIFT_ASSET_SYMBOL_EXTENSIONS = YES;
				CLANG_ANALYZER_NONNULL = YES;
				CLANG_ANALYZER_NUMBER_OBJECT_CONVERSION = YES_AGGRESSIVE;
				CLANG_CXX_LANGUAGE_STANDARD = "gnu++20";
				CLANG_ENABLE_MODULES = YES;
				CLANG_ENABLE_OBJC_ARC = YES;
				CLANG_WARN_BLOCK_CAPTURE_AUTORELEASING = YES;
				CLANG_WARN_BOOL_CONVERSION = YES;
				CLANG_WARN_COMMA = YES;
				CLANG_WARN_CONSTANT_CONVERSION = YES;
				CLANG_WARN_DEPRECATED_OBJC_IMPLEMENTATIONS = YES;
				CLANG_WARN_DIRECT_OBJC_ISA_USAGE = YES_ERROR;
				CLANG_WARN_DOCUMENTATION_COMMENTS = YES;
				CLANG_WARN_EMPTY_BODY = YES;
				CLANG_WARN_ENUM_CONVERSION = YES;
				CLANG_WARN_INFINITE_RECURSION = YES;
				CLANG_WARN_INT_CONVERSION = YES;
				CLANG_WARN_NON_LITERAL_NULL_CONVERSION = YES;
				CLANG_WARN_OBJC_IMPLICIT_RETAIN_SELF = YES;
				CLANG_WARN_OBJC_LITERAL_CONVERSION = YES;
				CLANG_WARN_OBJC_ROOT_CLASS = YES_ERROR;
				CLANG_WARN_QUOTED_INCLUDE_IN_FRAMEWORK_HEADER = YES;
				CLANG_WARN_RANGE_LOOP_ANALYSIS = YES;
				CLANG_WARN_STRICT_PROTOTYPES = YES;
				CLANG_WARN_SUSPICIOUS_MOVE = YES;
				CLANG_WARN_UNGUARDED_AVAILABILITY = YES_AGGRESSIVE;
				CLANG_WARN_UNREACHABLE_CODE = YES;
				CLANG_WARN__DUPLICATE_METHOD_MATCH = YES;
				COPY_PHASE_STRIP = NO;
				DEBUG_INFORMATION_FORMAT = "dwarf-with-dsym";
				ENABLE_NS_ASSERTIONS = NO;
				ENABLE_STRICT_OBJC_MSGSEND = YES;
				ENABLE_USER_SCRIPT_SANDBOXING = YES;
				GCC_C_LANGUAGE_STANDARD = gnu17;
				GCC_NO_COMMON_BLOCKS = YES;
				GCC_WARN_64_TO_32_BIT_CONVERSION = YES;
				GCC_WARN_ABOUT_RETURN_TYPE = YES_ERROR;
				GCC_WARN_UNDECLARED_SELECTOR = YES;
				GCC_WARN_UNINITIALIZED_AUTOS = YES_AGGRESSIVE;
				GCC_WARN_UNUSED_FUNCTION = YES;
				GCC_WARN_UNUSED_VARIABLE = YES;
				IPHONEOS_DEPLOYMENT_TARGET = 16.0;
				LOCALIZATION_PREFERS_STRING_CATALOGS = YES;
				MTL_ENABLE_DEBUG_INFO = NO;
				MTL_FAST_MATH = YES;
				SDKROOT = iphoneos;
				SWIFT_COMPILATION_MODE = wholemodule;
				VALIDATE_PRODUCT = YES;
			};
			name = Release;
		};
		C00000000000000000000003 /* Debug */ = {
			isa = XCBuildConfiguration;
			buildSettings = {
				ASSETCATALOG_COMPILER_GLOBAL_ACCENT_COLOR_NAME = AccentColor;
				CODE_SIGN_STYLE = Automatic;
				CURRENT_PROJECT_VERSION = 1;
				DEVELOPMENT_TEAM = "";
				ENABLE_PREVIEWS = YES;
				GENERATE_INFOPLIST_FILE = NO;
				INFOPLIST_FILE = PowerPlan/Info.plist;
				INFOPLIST_KEY_UIApplicationSceneManifest_Generation = YES;
				INFOPLIST_KEY_UILaunchScreen_Generation = YES;
				LD_RUNPATH_SEARCH_PATHS = (
					"$(inherited)",
					"@executable_path/Frameworks",
				);
				MARKETING_VERSION = 1.0;
				PRODUCT_BUNDLE_IDENTIFIER = site.powerplan.PowerPlan;
				PRODUCT_NAME = "$(TARGET_NAME)";
				SWIFT_EMIT_LOC_STRINGS = YES;
				SWIFT_VERSION = 5.0;
				TARGETED_DEVICE_FAMILY = "1,2";
			};
			name = Debug;
		};
		C00000000000000000000004 /* Release */ = {
			isa = XCBuildConfiguration;
			buildSettings = {
				ASSETCATALOG_COMPILER_GLOBAL_ACCENT_COLOR_NAME = AccentColor;
				CODE_SIGN_STYLE = Automatic;
				CURRENT_PROJECT_VERSION = 1;
				DEVELOPMENT_TEAM = "";
				ENABLE_PREVIEWS = YES;
				GENERATE_INFOPLIST_FILE = NO;
				INFOPLIST_FILE = PowerPlan/Info.plist;
				INFOPLIST_KEY_UIApplicationSceneManifest_Generation = YES;
				INFOPLIST_KEY_UILaunchScreen_Generation = YES;
				LD_RUNPATH_SEARCH_PATHS = (
					"$(inherited)",
					"@executable_path/Frameworks",
				);
				MARKETING_VERSION = 1.0;
				PRODUCT_BUNDLE_IDENTIFIER = site.powerplan.PowerPlan;
				PRODUCT_NAME = "$(TARGET_NAME)";
				SWIFT_EMIT_LOC_STRINGS = YES;
				SWIFT_VERSION = 5.0;
				TARGETED_DEVICE_FAMILY = "1,2";
			};
			name = Release;
		};
/* End XCBuildConfiguration section */

/* Begin XCConfigurationList section */
		0C0000000000000000000002 /* Build configuration list for PBXProject "PowerPlan" */ = {
			isa = XCConfigurationList;
			buildConfigurations = (
				C00000000000000000000001 /* Debug */,
				C00000000000000000000002 /* Release */,
			);
			defaultConfigurationIsVisible = 0;
			defaultConfigurationName = Release;
		};
		0C0000000000000000000003 /* Build configuration list for PBXNativeTarget "PowerPlan" */ = {
			isa = XCConfigurationList;
			buildConfigurations = (
				C00000000000000000000003 /* Debug */,
				C00000000000000000000004 /* Release */,
			);
			defaultConfigurationIsVisible = 0;
			defaultConfigurationName = Release;
		};
/* End XCConfigurationList section */
	};
	rootObject = 0C0000000000000000000001 /* Project object */;
}
